
Microsoft Visual Studio Solution File, Format Version 12.00
# Visual Studio Version 17
VisualStudioVersion = 17.8.34408.163
MinimumVisualStudioVersion = 10.0.40219.1
Project("{FAE04EC0-301F-11D3-BF4B-00C04F79EFBC}") = "Knitting", "Knitting\Knitting.csproj", "{5CFA4949-8AA0-49DF-99C6-83AFBF57C3F0}"
EndProject
Global
	GlobalSection(SolutionConfigurationPlatforms) = preSolution
		Debug|Any CPU = Debug|Any CPU
		Release|Any CPU = Release|Any CPU
	EndGlobalSection
	GlobalSection(ProjectConfigurationPlatforms) = postSolution
		{5CFA4949-8AA0-49DF-99C6-83AFBF57C3F0}.Debug|Any CPU.ActiveCfg = Debug|Any CPU
		{5CFA4949-8AA0-49DF-99C6-83AFBF57C3F0}.Debug|Any CPU.Build.0 = Debug|Any CPU
		{5CFA4949-8AA0-49DF-99C6-83AFBF57C3F0}.Release|Any CPU.ActiveCfg = Release|Any CPU
		{5CFA4949-8AA0-49DF-99C6-83AFBF57C3F0}.Release|Any CPU.Build.0 = Release|Any CPU
	EndGlobalSection
	GlobalSection(SolutionProperties) = preSolution
		HideSolutionNode = FALSE
	EndGlobalSection
	GlobalSection(ExtensibilityGlobals) = postSolution
		SolutionGuid = {ECE16484-4195-4D99-98BA-6E82D27B56CC}
	EndGlobalSection
EndGlobal
